
Microsoft Visual Studio Solution File, Format Version 12.00
# Visual Studio 15
VisualStudioVersion = 15.0.28010.2026
MinimumVisualStudioVersion = 10.0.40219.1
Project("{FAE04EC0-301F-11D3-BF4B-00C04F79EFBC}") = "Lab04-5", "Lab04-5\Lab04-5.csproj", "{B8031040-1668-4CB4-872C-2649A29F7C11}"
EndProject
Global
	GlobalSection(SolutionConfigurationPlatforms) = preSolution
		Debug|Any CPU = Debug|Any CPU
		Release|Any CPU = Release|Any CPU
	EndGlobalSection
	GlobalSection(ProjectConfigurationPlatforms) = postSolution
		{B8031040-1668-4CB4-872C-2649A29F7C11}.Debug|Any CPU.ActiveCfg = Debug|Any CPU
		{B8031040-1668-4CB4-872C-2649A29F7C11}.Debug|Any CPU.Build.0 = Debug|Any CPU
		{B8031040-1668-4CB4-872C-2649A29F7C11}.Release|Any CPU.ActiveCfg = Release|Any CPU
		{B8031040-1668-4CB4-872C-2649A29F7C11}.Release|Any CPU.Build.0 = Release|Any CPU
	EndGlobalSection
	GlobalSection(SolutionProperties) = preSolution
		HideSolutionNode = FALSE
	EndGlobalSection
	GlobalSection(ExtensibilityGlobals) = postSolution
		SolutionGuid = {683F48AF-9A4A-4899-AD8B-477FABD45A5A}
	EndGlobalSection
EndGlobal
